
Microsoft Visual Studio Solution File, Format Version 12.00
# Visual Studio Version 16
VisualStudioVersion = 16.0.31729.503
MinimumVisualStudioVersion = 10.0.40219.1
Project("{FAE04EC0-301F-11D3-BF4B-00C04F79EFBC}") = "PowerPoint Remote", "PowerPoint Remote\PowerPoint Remote.csproj", "{14143B49-648C-4A6B-BC6A-ECFA6A3058AD}"
EndProject
Global
	GlobalSection(SolutionConfigurationPlatforms) = preSolution
		Debug|Any CPU = Debug|Any CPU
		Release|Any CPU = Release|Any CPU
	EndGlobalSection
	GlobalSection(ProjectConfigurationPlatforms) = postSolution
		{14143B49-648C-4A6B-BC6A-ECFA6A3058AD}.Debug|Any CPU.ActiveCfg = Debug|Any CPU
		{14143B49-648C-4A6B-BC6A-ECFA6A3058AD}.Debug|Any CPU.Build.0 = Debug|Any CPU
		{14143B49-648C-4A6B-BC6A-ECFA6A3058AD}.Release|Any CPU.ActiveCfg = Release|Any CPU
		{14143B49-648C-4A6B-BC6A-ECFA6A3058AD}.Release|Any CPU.Build.0 = Release|Any CPU
	EndGlobalSection
	GlobalSection(SolutionProperties) = preSolution
		HideSolutionNode = FALSE
	EndGlobalSection
	GlobalSection(ExtensibilityGlobals) = postSolution
		SolutionGuid = {1F8DA633-F750-4E90-BEA8-200F5321A17D}
	EndGlobalSection
EndGlobal
